
Microsoft Visual Studio Solution File, Format Version 12.00
# Visual Studio Version 16
VisualStudioVersion = 16.0.31005.135
MinimumVisualStudioVersion = 10.0.40219.1
Project("{9A19103F-16F7-4668-BE54-9A1E7A4F7556}") = "HarryPotter", "src\HarryPotter.csproj", "{AC9E62E5-34D9-4D74-B1CF-39E16A5E5075}"
EndProject
Global
	GlobalSection(SolutionConfigurationPlatforms) = preSolution
		Debug|Any CPU = Debug|Any CPU
		Release|Any CPU = Release|Any CPU
	EndGlobalSection
	GlobalSection(ProjectConfigurationPlatforms) = postSolution
		{AC9E62E5-34D9-4D74-B1CF-39E16A5E5075}.Debug|Any CPU.ActiveCfg = Debug|Any CPU
		{AC9E62E5-34D9-4D74-B1CF-39E16A5E5075}.Debug|Any CPU.Build.0 = Debug|Any CPU
		{AC9E62E5-34D9-4D74-B1CF-39E16A5E5075}.Release|Any CPU.ActiveCfg = Release|Any CPU
		{AC9E62E5-34D9-4D74-B1CF-39E16A5E5075}.Release|Any CPU.Build.0 = Release|Any CPU
	EndGlobalSection
	GlobalSection(SolutionProperties) = preSolution
		HideSolutionNode = FALSE
	EndGlobalSection
	GlobalSection(ExtensibilityGlobals) = postSolution
		SolutionGuid = {5A67CCEF-3601-47D7-8CA9-BD1AF623A967}
	EndGlobalSection
EndGlobal
